{
  "name": "duplexer",
  "version": "0.1.2",
  "lockfileVersion": 1,
  "requires": true,
  "dependencies": {
    "deep-equal": {
      "version": "0.0.0",
      "resolved": "https://registry.npmjs.org/deep-equal/-/deep-equal-0.0.0.tgz",
      "integrity": "sha1-mWedO70EcVb81FDT0B7rkGhpHoM=",
      "dev": true
    },
    "defined": {
      "version": "0.0.0",
      "resolved": "https://registry.npmjs.org/defined/-/defined-0.0.0.tgz",
      "integrity": "sha1-817qfXBekzuvE7LwOz+D2SFAOz4=",
      "dev": true
    },
    "jsonify": {
      "version": "0.0.0",
      "resolved": "https://registry.npmjs.org/jsonify/-/jsonify-0.0.0.tgz",
      "integrity": "sha1-LHS27kHZPKUbe1qu6PUDYx0lKnM=",
      "dev": true
    },
    "tape": {
      "version": "0.3.3",
      "resolved": "https://registry.npmjs.org/tape/-/tape-0.3.3.tgz",
      "integrity": "sha1-OtlqvIA1YTXnjxLXiiSreIJle/s=",
      "dev": true,
      "requires": {
        "deep-equal": "~0.0.0",
        "defined": "~0.0.0",
        "jsonify": "~0.0.0"
      }
    },
    "through": {
      "version": "0.1.4",
      "resolved": "https://registry.npmjs.org/through/-/through-0.1.4.tgz",
      "integrity": "sha1-gFlXbYMwibPBjszTdYC/nMW1kTA=",
      "dev": true
    }
  }
}
